
Microsoft Visual Studio Solution File, Format Version 12.00
# Visual Studio Version 16
VisualStudioVersion = 16.0.31112.23
MinimumVisualStudioVersion = 10.0.40219.1
Project("{FAE04EC0-301F-11D3-BF4B-00C04F79EFBC}") = "vistas", "vistas\vistas.csproj", "{4018CF73-7B2B-46F5-97B2-2018A4C47250}"
EndProject
Global
	GlobalSection(SolutionConfigurationPlatforms) = preSolution
		Debug|Any CPU = Debug|Any CPU
		Release|Any CPU = Release|Any CPU
	EndGlobalSection
	GlobalSection(ProjectConfigurationPlatforms) = postSolution
		{4018CF73-7B2B-46F5-97B2-2018A4C47250}.Debug|Any CPU.ActiveCfg = Debug|Any CPU
		{4018CF73-7B2B-46F5-97B2-2018A4C47250}.Debug|Any CPU.Build.0 = Debug|Any CPU
		{4018CF73-7B2B-46F5-97B2-2018A4C47250}.Release|Any CPU.ActiveCfg = Release|Any CPU
		{4018CF73-7B2B-46F5-97B2-2018A4C47250}.Release|Any CPU.Build.0 = Release|Any CPU
	EndGlobalSection
	GlobalSection(SolutionProperties) = preSolution
		HideSolutionNode = FALSE
	EndGlobalSection
	GlobalSection(ExtensibilityGlobals) = postSolution
		SolutionGuid = {94D22181-7094-4C96-9A6D-458677951F75}
	EndGlobalSection
EndGlobal
